// !$*UTF8*$!
{
	archiveVersion = 1;
	classes = {
	};
	objectVersion = 77;
	objects = {

/* Begin PBXBuildFile section */
		BF6164EC2FD2EB1D00CF86D6 /* KeychainAccess in Frameworks */ = {isa = PBXBuildFile; productRef = BF6164EB2FD2EB1D00CF86D6 /* KeychainAccess */; };
/* End PBXBuildFile section */

/* Begin PBXContainerItemProxy section */
		BF6164C12FD2DBDD00CF86D6 /* PBXContainerItemProxy */ = {
			isa = PBXContainerItemProxy;
			containerPortal = BF6164AB2FD2DBDC00CF86D6 /* Project object */;
			proxyType = 1;
			remoteGlobalIDString = BF6164B22FD2DBDC00CF86D6;
			remoteInfo = SecretJournal;
		};
		BF6164CB2FD2DBDD00CF86D6 /* PBXContainerItemProxy */ = {
			isa = PBXContainerItemProxy;
			containerPortal = BF6164AB2FD2DBDC00CF86D6 /* Project object */;
			proxyType = 1;
			remoteGlobalIDString = BF6164B22FD2DBDC00CF86D6;
			remoteInfo = SecretJournal;
		};
/* End PBXContainerItemProxy section */

/* Begin PBXFileReference section */
		BF6164B32FD2DBDC00CF86D6 /* SecretJournal.app */ = {isa = PBXFileReference; explicitFileType = wrapper.application; includeInIndex = 0; path = SecretJournal.app; sourceTree = BUILT_PRODUCTS_DIR; };
		BF6164C02FD2DBDD00CF86D6 /* SecretJournalTests.xctest */ = {isa = PBXFileReference; explicitFileType = wrapper.cfbundle; includeInIndex = 0; path = SecretJournalTests.xctest; sourceTree = BUILT_PRODUCTS_DIR; };
		BF6164CA2FD2DBDD00CF86D6 /* SecretJournalUITests.xctest */ = {isa = PBXFileReference; explicitFileType = wrapper.cfbundle; includeInIndex = 0; path = SecretJournalUITests.xctest; sourceTree = BUILT_PRODUCTS_DIR; };
/* End PBXFileReference section */

/* Begin PBXFileSystemSynchronizedRootGroup section */
		BF6164B52FD2DBDC00CF86D6 /* SecretJournal */ = {
			isa = PBXFileSystemSynchronizedRootGroup;
			path = SecretJournal;
			sourceTree = "<group>";
		};
		BF6164C32FD2DBDD00CF86D6 /* SecretJournalTests */ = {
			isa = PBXFileSystemSynchronizedRootGroup;
			path = SecretJournalTests;
			sourceTree = "<group>";
		};
		BF6164CD2FD2DBDD00CF86D6 /* SecretJournalUITests */ = {
			isa = PBXFileSystemSynchronizedRootGroup;
			path = SecretJournalUITests;
			sourceTree = "<group>";
		};
/* End PBXFileSystemSynchronizedRootGroup section */

/* Begin PBXFrameworksBuildPhase section */
		BF6164B02FD2DBDC00CF86D6 /* Frameworks */ = {
			isa = PBXFrameworksBuildPhase;
			buildActionMask = 2147483647;
			files = (
				BF6164EC2FD2EB1D00CF86D6 /* KeychainAccess in Frameworks */,
			);
			runOnlyForDeploymentPostprocessing = 0;
		};
		BF6164BD2FD2DBDD00CF86D6 /* Frameworks */ = {
			isa = PBXFrameworksBuildPhase;
			buildActionMask = 2147483647;
			files = (
			);
			runOnlyForDeploymentPostprocessing = 0;
		};
		BF6164C72FD2DBDD00CF86D6 /* Frameworks */ = {
			isa = PBXFrameworksBuildPhase;
			buildActionMask = 2147483647;
			files = (
			);
			runOnlyForDeploymentPostprocessing = 0;
		};
/* End PBXFrameworksBuildPhase section */

/* Begin PBXGroup section */
		BF6164AA2FD2DBDC00CF86D6 = {
			isa = PBXGroup;
			children = (
				BF6164B52FD2DBDC00CF86D6 /* SecretJournal */,
				BF6164C32FD2DBDD00CF86D6 /* SecretJournalTests */,
				BF6164CD2FD2DBDD00CF86D6 /* SecretJournalUITests */,
				BF6164EA2FD2EB1D00CF86D6 /* Frameworks */,
				BF6164B42FD2DBDC00CF86D6 /* Products */,
			);
			sourceTree = "<group>";
		};
		BF6164B42FD2DBDC00CF86D6 /* Products */ = {
			isa = PBXGroup;
			children = (
				BF6164B32FD2DBDC00CF86D6 /* SecretJournal.app */,
				BF6164C02FD2DBDD00CF86D6 /* SecretJournalTests.xctest */,
				BF6164CA2FD2DBDD00CF86D6 /* SecretJournalUITests.xctest */,
			);
			name = Products;
			sourceTree = "<group>";
		};
		BF6164EA2FD2EB1D00CF86D6 /* Frameworks */ = {
			isa = PBXGroup;
			children = (
			);
			name = Frameworks;
			sourceTree = "<group>";
		};
/* End PBXGroup section */

/* Begin PBXNativeTarget section */
		BF6164B22FD2DBDC00CF86D6 /* SecretJournal */ = {
			isa = PBXNativeTarget;
			buildConfigurationList = BF6164D42FD2DBDD00CF86D6 /* Build configuration list for PBXNativeTarget "SecretJournal" */;
			buildPhases = (
				BF6164AF2FD2DBDC00CF86D6 /* Sources */,
				BF6164B02FD2DBDC00CF86D6 /* Frameworks */,
				BF6164B12FD2DBDC00CF86D6 /* Resources */,
			);
			buildRules = (
			);
			dependencies = (
			);
			fileSystemSynchronizedGroups = (
				BF6164B52FD2DBDC00CF86D6 /* SecretJournal */,
			);
			name = SecretJournal;
			packageProductDependencies = (
				BF6164EB2FD2EB1D00CF86D6 /* KeychainAccess */,
			);
			productName = SecretJournal;
			productReference = BF6164B32FD2DBDC00CF86D6 /* SecretJournal.app */;
			productType = "com.apple.product-type.application";
		};
		BF6164BF2FD2DBDD00CF86D6 /* SecretJournalTests */ = {
			isa = PBXNativeTarget;
			buildConfigurationList = BF6164D72FD2DBDD00CF86D6 /* Build configuration list for PBXNativeTarget "SecretJournalTests" */;
			buildPhases = (
				BF6164BC2FD2DBDD00CF86D6 /* Sources */,
				BF6164BD2FD2DBDD00CF86D6 /* Frameworks */,
				BF6164BE2FD2DBDD00CF86D6 /* Resources */,
			);
			buildRules = (
			);
			dependencies = (
				BF6164C22FD2DBDD00CF86D6 /* PBXTargetDependency */,
			);
			fileSystemSynchronizedGroups = (
				BF6164C32FD2DBDD00CF86D6 /* SecretJournalTests */,
			);
			name = SecretJournalTests;
			packageProductDependencies = (
			);
			productName = SecretJournalTests;
			productReference = BF6164C02FD2DBDD00CF86D6 /* SecretJournalTests.xctest */;
			productType = "com.apple.product-type.bundle.unit-test";
		};
		BF6164C92FD2DBDD00CF86D6 /* SecretJournalUITests */ = {
			isa = PBXNativeTarget;
			buildConfigurationList = BF6164DA2FD2DBDD00CF86D6 /* Build configuration list for PBXNativeTarget "SecretJournalUITests" */;
			buildPhases = (
				BF6164C62FD2DBDD00CF86D6 /* Sources */,
				BF6164C72FD2DBDD00CF86D6 /* Frameworks */,
				BF6164C82FD2DBDD00CF86D6 /* Resources */,
			);
			buildRules = (
			);
			dependencies = (
				BF6164CC2FD2DBDD00CF86D6 /* PBXTargetDependency */,
			);
			fileSystemSynchronizedGroups = (
				BF6164CD2FD2DBDD00CF86D6 /* SecretJournalUITests */,
			);
			name = SecretJournalUITests;
			packageProductDependencies = (
			);
			productName = SecretJournalUITests;
			productReference = BF6164CA2FD2DBDD00CF86D6 /* SecretJournalUITests.xctest */;
			productType = "com.apple.product-type.bundle.ui-testing";
		};
/* End PBXNativeTarget section */

/* Begin PBXProject section */
		BF6164AB2FD2DBDC00CF86D6 /* Project object */ = {
			isa = PBXProject;
			attributes = {
				BuildIndependentTargetsInParallel = 1;
				LastSwiftUpdateCheck = 2600;
				LastUpgradeCheck = 2600;
				TargetAttributes = {
					BF6164B22FD2DBDC00CF86D6 = {
						CreatedOnToolsVersion = 26.0.1;
					};
					BF6164BF2FD2DBDD00CF86D6 = {
						CreatedOnToolsVersion = 26.0.1;
						TestTargetID = BF6164B22FD2DBDC00CF86D6;
					};
					BF6164C92FD2DBDD00CF86D6 = {
						CreatedOnToolsVersion = 26.0.1;
						TestTargetID = BF6164B22FD2DBDC00CF86D6;
					};
				};
			};
			buildConfigurationList = BF6164AE2FD2DBDC00CF86D6 /* Build configuration list for PBXProject "SecretJournal" */;
			developmentRegion = en;
			hasScannedForEncodings = 0;
			knownRegions = (
				en,
				Base,
			);
			mainGroup = BF6164AA2FD2DBDC00CF86D6;
			minimizedProjectReferenceProxies = 1;
			packageReferences = (
				BF6164E92FD2E98C00CF86D6 /* XCRemoteSwiftPackageReference "KeychainAccess" */,
			);
			preferredProjectObjectVersion = 77;
			productRefGroup = BF6164B42FD2DBDC00CF86D6 /* Products */;
			projectDirPath = "";
			projectRoot = "";
			targets = (
				BF6164B22FD2DBDC00CF86D6 /* SecretJournal */,
				BF6164BF2FD2DBDD00CF86D6 /* SecretJournalTests */,
				BF6164C92FD2DBDD00CF86D6 /* SecretJournalUITests */,
			);
		};
/* End PBXProject section */

/* Begin PBXResourcesBuildPhase section */
		BF6164B12FD2DBDC00CF86D6 /* Resources */ = {
			isa = PBXResourcesBuildPhase;
			buildActionMask = 2147483647;
			files = (
			);
			runOnlyForDeploymentPostprocessing = 0;
		};
		BF6164BE2FD2DBDD00CF86D6 /* Resources */ = {
			isa = PBXResourcesBuildPhase;
			buildActionMask = 2147483647;
			files = (
			);
			runOnlyForDeploymentPostprocessing = 0;
		};
		BF6164C82FD2DBDD00CF86D6 /* Resources */ = {
			isa = PBXResourcesBuildPhase;
			buildActionMask = 2147483647;
			files = (
			);
			runOnlyForDeploymentPostprocessing = 0;
		};
/* End PBXResourcesBuildPhase section */

/* Begin PBXSourcesBuildPhase section */
		BF6164AF2FD2DBDC00CF86D6 /* Sources */ = {
			isa = PBXSourcesBuildPhase;
			buildActionMask = 2147483647;
			files = (
			);
			runOnlyForDeploymentPostprocessing = 0;
		};
		BF6164BC2FD2DBDD00CF86D6 /* Sources */ = {
			isa = PBXSourcesBuildPhase;
			buildActionMask = 2147483647;
			files = (
			);
			runOnlyForDeploymentPostprocessing = 0;
		};
		BF6164C62FD2DBDD00CF86D6 /* Sources */ = {
			isa = PBXSourcesBuildPhase;
			buildActionMask = 2147483647;
			files = (
			);
			runOnlyForDeploymentPostprocessing = 0;
		};
/* End PBXSourcesBuildPhase section */

/* Begin PBXTargetDependency section */
		BF6164C22FD2DBDD00CF86D6 /* PBXTargetDependency */ = {
			isa = PBXTargetDependency;
			target = BF6164B22FD2DBDC00CF86D6 /* SecretJournal */;
			targetProxy = BF6164C12FD2DBDD00CF86D6 /* PBXContainerItemProxy */;
		};
		BF6164CC2FD2DBDD00CF86D6 /* PBXTargetDependency */ = {
			isa = PBXTargetDependency;
			target = BF6164B22FD2DBDC00CF86D6 /* SecretJournal */;
			targetProxy = BF6164CB2FD2DBDD00CF86D6 /* PBXContainerItemProxy */;
		};
/* End PBXTargetDependency section */

/* Begin XCBuildConfiguration section */
		BF6164D22FD2DBDD00CF86D6 /* Debug */ = {
			isa = XCBuildConfiguration;
			buildSettings = {
				ALWAYS_SEARCH_USER_PATHS = NO;
				ASSETCATALOG_COMPILER_GENERATE_SWIFT_ASSET_SYMBOL_EXTENSIONS = YES;
				CLANG_ANALYZER_NONNULL = YES;
				CLANG_ANALYZER_NUMBER_OBJECT_CONVERSION = YES_AGGRESSIVE;
				CLANG_CXX_LANGUAGE_STANDARD = "gnu++20";
				CLANG_ENABLE_MODULES = YES;
				CLANG_ENABLE_OBJC_ARC = YES;
				CLANG_ENABLE_OBJC_WEAK = YES;
				CLANG_WARN_BLOCK_CAPTURE_AUTORELEASING = YES;
				CLANG_WARN_BOOL_CONVERSION = YES;
				CLANG_WARN_COMMA = YES;
				CLANG_WARN_CONSTANT_CONVERSION = YES;
				CLANG_WARN_DEPRECATED_OBJC_IMPLEMENTATIONS = YES;
				CLANG_WARN_DIRECT_OBJC_ISA_USAGE = YES_ERROR;
				CLANG_WARN_DOCUMENTATION_COMMENTS = YES;
				CLANG_WARN_EMPTY_BODY = YES;
				CLANG_WARN_ENUM_CONVERSION = YES;
				CLANG_WARN_INFINITE_RECURSION = YES;
				CLANG_WARN_INT_CONVERSION = YES;
				CLANG_WARN_NON_LITERAL_NULL_CONVERSION = YES;
				CLANG_WARN_OBJC_IMPLICIT_RETAIN_SELF = YES;
				CLANG_WARN_OBJC_LITERAL_CONVERSION = YES;
				CLANG_WARN_OBJC_ROOT_CLASS = YES_ERROR;
				CLANG_WARN_QUOTED_INCLUDE_IN_FRAMEWORK_HEADER = YES;
				CLANG_WARN_RANGE_LOOP_ANALYSIS = YES;
				CLANG_WARN_STRICT_PROTOTYPES = YES;
				CLANG_WARN_SUSPICIOUS_MOVE = YES;
				CLANG_WARN_UNGUARDED_AVAILABILITY = YES_AGGRESSIVE;
				CLANG_WARN_UNREACHABLE_CODE = YES;
				CLANG_WARN__DUPLICATE_METHOD_MATCH = YES;
				COPY_PHASE_STRIP = NO;
				DEBUG_INFORMATION_FORMAT = dwarf;
				DEVELOPMENT_TEAM = X43SX2U9BV;
				ENABLE_STRICT_OBJC_MSGSEND = YES;
				ENABLE_TESTABILITY = YES;
				ENABLE_USER_SCRIPT_SANDBOXING = YES;
				GCC_C_LANGUAGE_STANDARD = gnu17;
				GCC_DYNAMIC_NO_PIC = NO;
				GCC_NO_COMMON_BLOCKS = YES;
				GCC_OPTIMIZATION_LEVEL = 0;
				GCC_PREPROCESSOR_DEFINITIONS = (
					"DEBUG=1",
					"$(inherited)",
				);
				GCC_WARN_64_TO_32_BIT_CONVERSION = YES;
				GCC_WARN_ABOUT_RETURN_TYPE = YES_ERROR;
				GCC_WARN_UNDECLARED_SELECTOR = YES;
				GCC_WARN_UNINITIALIZED_AUTOS = YES_AGGRESSIVE;
				GCC_WARN_UNUSED_FUNCTION = YES;
				GCC_WARN_UNUSED_VARIABLE = YES;
				IPHONEOS_DEPLOYMENT_TARGET = 26.0;
				LOCALIZATION_PREFERS_STRING_CATALOGS = YES;
				MTL_ENABLE_DEBUG_INFO = INCLUDE_SOURCE;
				MTL_FAST_MATH = YES;
				ONLY_ACTIVE_ARCH = YES;
				SDKROOT = iphoneos;
				SWIFT_ACTIVE_COMPILATION_CONDITIONS = "DEBUG $(inherited)";
				SWIFT_OPTIMIZATION_LEVEL = "-Onone";
			};
			name = Debug;
		};
		BF6164D32FD2DBDD00CF86D6 /* Release */ = {
			isa = XCBuildConfiguration;
			buildSettings = {
				ALWAYS_SEARCH_USER_PATHS = NO;
				ASSETCATALOG_COMPILER_GENERATE_SWIFT_ASSET_SYMBOL_EXTENSIONS = YES;
				CLANG_ANALYZER_NONNULL = YES;
				CLANG_ANALYZER_NUMBER_OBJECT_CONVERSION = YES_AGGRESSIVE;
				CLANG_CXX_LANGUAGE_STANDARD = "gnu++20";
				CLANG_ENABLE_MODULES = YES;
				CLANG_ENABLE_OBJC_ARC = YES;
				CLANG_ENABLE_OBJC_WEAK = YES;
				CLANG_WARN_BLOCK_CAPTURE_AUTORELEASING = YES;
				CLANG_WARN_BOOL_CONVERSION = YES;
				CLANG_WARN_COMMA = YES;
				CLANG_WARN_CONSTANT_CONVERSION = YES;
				CLANG_WARN_DEPRECATED_OBJC_IMPLEMENTATIONS = YES;
				CLANG_WARN_DIRECT_OBJC_ISA_USAGE = YES_ERROR;
				CLANG_WARN_DOCUMENTATION_COMMENTS = YES;
				CLANG_WARN_EMPTY_BODY = YES;
				CLANG_WARN_ENUM_CONVERSION = YES;
				CLANG_WARN_INFINITE_RECURSION = YES;
				CLANG_WARN_INT_CONVERSION = YES;
				CLANG_WARN_NON_LITERAL_NULL_CONVERSION = YES;
				CLANG_WARN_OBJC_IMPLICIT_RETAIN_SELF = YES;
				CLANG_WARN_OBJC_LITERAL_CONVERSION = YES;
				CLANG_WARN_OBJC_ROOT_CLASS = YES_ERROR;
				CLANG_WARN_QUOTED_INCLUDE_IN_FRAMEWORK_HEADER = YES;
				CLANG_WARN_RANGE_LOOP_ANALYSIS = YES;
				CLANG_WARN_STRICT_PROTOTYPES = YES;
				CLANG_WARN_SUSPICIOUS_MOVE = YES;
				CLANG_WARN_UNGUARDED_AVAILABILITY = YES_AGGRESSIVE;
				CLANG_WARN_UNREACHABLE_CODE = YES;
				CLANG_WARN__DUPLICATE_METHOD_MATCH = YES;
				COPY_PHASE_STRIP = NO;
				DEBUG_INFORMATION_FORMAT = "dwarf-with-dsym";
				DEVELOPMENT_TEAM = X43SX2U9BV;
				ENABLE_NS_ASSERTIONS = NO;
				ENABLE_STRICT_OBJC_MSGSEND = YES;
				ENABLE_USER_SCRIPT_SANDBOXING = YES;
				GCC_C_LANGUAGE_STANDARD = gnu17;
				GCC_NO_COMMON_BLOCKS = YES;
				GCC_WARN_64_TO_32_BIT_CONVERSION = YES;
				GCC_WARN_ABOUT_RETURN_TYPE = YES_ERROR;
				GCC_WARN_UNDECLARED_SELECTOR = YES;
				GCC_WARN_UNINITIALIZED_AUTOS = YES_AGGRESSIVE;
				GCC_WARN_UNUSED_FUNCTION = YES;
				GCC_WARN_UNUSED_VARIABLE = YES;
				IPHONEOS_DEPLOYMENT_TARGET = 26.0;
				LOCALIZATION_PREFERS_STRING_CATALOGS = YES;
				MTL_ENABLE_DEBUG_INFO = NO;
				MTL_FAST_MATH = YES;
				SDKROOT = iphoneos;
				SWIFT_COMPILATION_MODE = wholemodule;
				VALIDATE_PRODUCT = YES;
			};
			name = Release;
		};
		BF6164D52FD2DBDD00CF86D6 /* Debug */ = {
			isa = XCBuildConfiguration;
			buildSettings = {
				ASSETCATALOG_COMPILER_APPICON_NAME = AppIcon;
				ASSETCATALOG_COMPILER_GLOBAL_ACCENT_COLOR_NAME = AccentColor;
				CODE_SIGN_STYLE = Automatic;
				CURRENT_PROJECT_VERSION = 1;
				DEVELOPMENT_TEAM = X43SX2U9BV;
				ENABLE_PREVIEWS = YES;
				GENERATE_INFOPLIST_FILE = YES;
				INFOPLIST_KEY_UIApplicationSceneManifest_Generation = YES;
				INFOPLIST_KEY_UIApplicationSupportsIndirectInputEvents = YES;
				INFOPLIST_KEY_UILaunchScreen_Generation = YES;
				INFOPLIST_KEY_UISupportedInterfaceOrientations_iPad = "UIInterfaceOrientationPortrait UIInterfaceOrientationPortraitUpsideDown UIInterfaceOrientationLandscapeLeft UIInterfaceOrientationLandscapeRight";
				INFOPLIST_KEY_UISupportedInterfaceOrientations_iPhone = "UIInterfaceOrientationPortrait UIInterfaceOrientationLandscapeLeft UIInterfaceOrientationLandscapeRight";
				LD_RUNPATH_SEARCH_PATHS = (
					"$(inherited)",
					"@executable_path/Frameworks",
				);
				MARKETING_VERSION = 1.0;
				PRODUCT_BUNDLE_IDENTIFIER = LaMaksStudio.SecretJournal;
				PRODUCT_NAME = "$(TARGET_NAME)";
				STRING_CATALOG_GENERATE_SYMBOLS = YES;
				SWIFT_APPROACHABLE_CONCURRENCY = YES;
				SWIFT_DEFAULT_ACTOR_ISOLATION = MainActor;
				SWIFT_EMIT_LOC_STRINGS = YES;
				SWIFT_UPCOMING_FEATURE_MEMBER_IMPORT_VISIBILITY = YES;
				SWIFT_VERSION = 5.0;
				TARGETED_DEVICE_FAMILY = "1,2";
			};
			name = Debug;
		};
		BF6164D62FD2DBDD00CF86D6 /* Release */ = {
			isa = XCBuildConfiguration;
			buildSettings = {
				ASSETCATALOG_COMPILER_APPICON_NAME = AppIcon;
				ASSETCATALOG_COMPILER_GLOBAL_ACCENT_COLOR_NAME = AccentColor;
				CODE_SIGN_STYLE = Automatic;
				CURRENT_PROJECT_VERSION = 1;
				DEVELOPMENT_TEAM = X43SX2U9BV;
				ENABLE_PREVIEWS = YES;
				GENERATE_INFOPLIST_FILE = YES;
				INFOPLIST_KEY_UIApplicationSceneManifest_Generation = YES;
				INFOPLIST_KEY_UIApplicationSupportsIndirectInputEvents = YES;
				INFOPLIST_KEY_UILaunchScreen_Generation = YES;
				INFOPLIST_KEY_UISupportedInterfaceOrientations_iPad = "UIInterfaceOrientationPortrait UIInterfaceOrientationPortraitUpsideDown UIInterfaceOrientationLandscapeLeft UIInterfaceOrientationLandscapeRight";
				INFOPLIST_KEY_UISupportedInterfaceOrientations_iPhone = "UIInterfaceOrientationPortrait UIInterfaceOrientationLandscapeLeft UIInterfaceOrientationLandscapeRight";
				LD_RUNPATH_SEARCH_PATHS = (
					"$(inherited)",
					"@executable_path/Frameworks",
				);
				MARKETING_VERSION = 1.0;
				PRODUCT_BUNDLE_IDENTIFIER = LaMaksStudio.SecretJournal;
				PRODUCT_NAME = "$(TARGET_NAME)";
				STRING_CATALOG_GENERATE_SYMBOLS = YES;
				SWIFT_APPROACHABLE_CONCURRENCY = YES;
				SWIFT_DEFAULT_ACTOR_ISOLATION = MainActor;
				SWIFT_EMIT_LOC_STRINGS = YES;
				SWIFT_UPCOMING_FEATURE_MEMBER_IMPORT_VISIBILITY = YES;
				SWIFT_VERSION = 5.0;
				TARGETED_DEVICE_FAMILY = "1,2";
			};
			name = Release;
		};
		BF6164D82FD2DBDD00CF86D6 /* Debug */ = {
			isa = XCBuildConfiguration;
			buildSettings = {
				BUNDLE_LOADER = "$(TEST_HOST)";
				CODE_SIGN_STYLE = Automatic;
				CURRENT_PROJECT_VERSION = 1;
				DEVELOPMENT_TEAM = X43SX2U9BV;
				GENERATE_INFOPLIST_FILE = YES;
				IPHONEOS_DEPLOYMENT_TARGET = 26.0;
				MARKETING_VERSION = 1.0;
				PRODUCT_BUNDLE_IDENTIFIER = LaMaksStudio.SecretJournalTests;
				PRODUCT_NAME = "$(TARGET_NAME)";
				STRING_CATALOG_GENERATE_SYMBOLS = NO;
				SWIFT_APPROACHABLE_CONCURRENCY = YES;
				SWIFT_EMIT_LOC_STRINGS = NO;
				SWIFT_UPCOMING_FEATURE_MEMBER_IMPORT_VISIBILITY = YES;
				SWIFT_VERSION = 5.0;
				TARGETED_DEVICE_FAMILY = "1,2";
				TEST_HOST = "$(BUILT_PRODUCTS_DIR)/SecretJournal.app/$(BUNDLE_EXECUTABLE_FOLDER_PATH)/SecretJournal";
			};
			name = Debug;
		};
		BF6164D92FD2DBDD00CF86D6 /* Release */ = {
			isa = XCBuildConfiguration;
			buildSettings = {
				BUNDLE_LOADER = "$(TEST_HOST)";
				CODE_SIGN_STYLE = Automatic;
				CURRENT_PROJECT_VERSION = 1;
				DEVELOPMENT_TEAM = X43SX2U9BV;
				GENERATE_INFOPLIST_FILE = YES;
				IPHONEOS_DEPLOYMENT_TARGET = 26.0;
				MARKETING_VERSION = 1.0;
				PRODUCT_BUNDLE_IDENTIFIER = LaMaksStudio.SecretJournalTests;
				PRODUCT_NAME = "$(TARGET_NAME)";
				STRING_CATALOG_GENERATE_SYMBOLS = NO;
				SWIFT_APPROACHABLE_CONCURRENCY = YES;
				SWIFT_EMIT_LOC_STRINGS = NO;
				SWIFT_UPCOMING_FEATURE_MEMBER_IMPORT_VISIBILITY = YES;
				SWIFT_VERSION = 5.0;
				TARGETED_DEVICE_FAMILY = "1,2";
				TEST_HOST = "$(BUILT_PRODUCTS_DIR)/SecretJournal.app/$(BUNDLE_EXECUTABLE_FOLDER_PATH)/SecretJournal";
			};
			name = Release;
		};
		BF6164DB2FD2DBDD00CF86D6 /* Debug */ = {
			isa = XCBuildConfiguration;
			buildSettings = {
				CODE_SIGN_STYLE = Automatic;
				CURRENT_PROJECT_VERSION = 1;
				DEVELOPMENT_TEAM = X43SX2U9BV;
				GENERATE_INFOPLIST_FILE = YES;
				MARKETING_VERSION = 1.0;
				PRODUCT_BUNDLE_IDENTIFIER = LaMaksStudio.SecretJournalUITests;
				PRODUCT_NAME = "$(TARGET_NAME)";
				STRING_CATALOG_GENERATE_SYMBOLS = NO;
				SWIFT_APPROACHABLE_CONCURRENCY = YES;
				SWIFT_EMIT_LOC_STRINGS = NO;
				SWIFT_UPCOMING_FEATURE_MEMBER_IMPORT_VISIBILITY = YES;
				SWIFT_VERSION = 5.0;
				TARGETED_DEVICE_FAMILY = "1,2";
				TEST_TARGET_NAME = SecretJournal;
			};
			name = Debug;
		};
		BF6164DC2FD2DBDD00CF86D6 /* Release */ = {
			isa = XCBuildConfiguration;
			buildSettings = {
				CODE_SIGN_STYLE = Automatic;
				CURRENT_PROJECT_VERSION = 1;
				DEVELOPMENT_TEAM = X43SX2U9BV;
				GENERATE_INFOPLIST_FILE = YES;
				MARKETING_VERSION = 1.0;
				PRODUCT_BUNDLE_IDENTIFIER = LaMaksStudio.SecretJournalUITests;
				PRODUCT_NAME = "$(TARGET_NAME)";
				STRING_CATALOG_GENERATE_SYMBOLS = NO;
				SWIFT_APPROACHABLE_CONCURRENCY = YES;
				SWIFT_EMIT_LOC_STRINGS = NO;
				SWIFT_UPCOMING_FEATURE_MEMBER_IMPORT_VISIBILITY = YES;
				SWIFT_VERSION = 5.0;
				TARGETED_DEVICE_FAMILY = "1,2";
				TEST_TARGET_NAME = SecretJournal;
			};
			name = Release;
		};
/* End XCBuildConfiguration section */

/* Begin XCConfigurationList section */
		BF6164AE2FD2DBDC00CF86D6 /* Build configuration list for PBXProject "SecretJournal" */ = {
			isa = XCConfigurationList;
			buildConfigurations = (
				BF6164D22FD2DBDD00CF86D6 /* Debug */,
				BF6164D32FD2DBDD00CF86D6 /* Release */,
			);
			defaultConfigurationIsVisible = 0;
			defaultConfigurationName = Release;
		};
		BF6164D42FD2DBDD00CF86D6 /* Build configuration list for PBXNativeTarget "SecretJournal" */ = {
			isa = XCConfigurationList;
			buildConfigurations = (
				BF6164D52FD2DBDD00CF86D6 /* Debug */,
				BF6164D62FD2DBDD00CF86D6 /* Release */,
			);
			defaultConfigurationIsVisible = 0;
			defaultConfigurationName = Release;
		};
		BF6164D72FD2DBDD00CF86D6 /* Build configuration list for PBXNativeTarget "SecretJournalTests" */ = {
			isa = XCConfigurationList;
			buildConfigurations = (
				BF6164D82FD2DBDD00CF86D6 /* Debug */,
				BF6164D92FD2DBDD00CF86D6 /* Release */,
			);
			defaultConfigurationIsVisible = 0;
			defaultConfigurationName = Release;
		};
		BF6164DA2FD2DBDD00CF86D6 /* Build configuration list for PBXNativeTarget "SecretJournalUITests" */ = {
			isa = XCConfigurationList;
			buildConfigurations = (
				BF6164DB2FD2DBDD00CF86D6 /* Debug */,
				BF6164DC2FD2DBDD00CF86D6 /* Release */,
			);
			defaultConfigurationIsVisible = 0;
			defaultConfigurationName = Release;
		};
/* End XCConfigurationList section */

/* Begin XCRemoteSwiftPackageReference section */
		BF6164E92FD2E98C00CF86D6 /* XCRemoteSwiftPackageReference "KeychainAccess" */ = {
			isa = XCRemoteSwiftPackageReference;
			repositoryURL = "https://github.com/kishikawakatsumi/KeychainAccess";
			requirement = {
				branch = master;
				kind = branch;
			};
		};
/* End XCRemoteSwiftPackageReference section */

/* Begin XCSwiftPackageProductDependency section */
		BF6164EB2FD2EB1D00CF86D6 /* KeychainAccess */ = {
			isa = XCSwiftPackageProductDependency;
			package = BF6164E92FD2E98C00CF86D6 /* XCRemoteSwiftPackageReference "KeychainAccess" */;
			productName = KeychainAccess;
		};
/* End XCSwiftPackageProductDependency section */
	};
	rootObject = BF6164AB2FD2DBDC00CF86D6 /* Project object */;
}
